
Microsoft Visual Studio Solution File, Format Version 11.00
# Visual C# Express 2010
Project("{FAE04EC0-301F-11D3-BF4B-00C04F79EFBC}") = "IEXPath", "IEXPath\IEXPath.csproj", "{72A75AAE-5E04-4B67-B807-122533588AE3}"
EndProject
Global
	GlobalSection(SolutionConfigurationPlatforms) = preSolution
		Debug|x86 = Debug|x86
		Release|x86 = Release|x86
	EndGlobalSection
	GlobalSection(ProjectConfigurationPlatforms) = postSolution
		{72A75AAE-5E04-4B67-B807-122533588AE3}.Debug|x86.ActiveCfg = Debug|x86
		{72A75AAE-5E04-4B67-B807-122533588AE3}.Debug|x86.Build.0 = Debug|x86
		{72A75AAE-5E04-4B67-B807-122533588AE3}.Release|x86.ActiveCfg = Release|x86
		{72A75AAE-5E04-4B67-B807-122533588AE3}.Release|x86.Build.0 = Release|x86
	EndGlobalSection
	GlobalSection(SolutionProperties) = preSolution
		HideSolutionNode = FALSE
	EndGlobalSection
EndGlobal
